
Microsoft Visual Studio Solution File, Format Version 12.00
# Visual Studio Version 17
VisualStudioVersion = 17.3.32929.385
MinimumVisualStudioVersion = 10.0.40219.1
Project("{9A19103F-16F7-4668-BE54-9A1E7A4F7556}") = "IM-server", "IM-server\IM-server.csproj", "{8956D099-E92B-4D61-931C-32AEE0072983}"
EndProject
Project("{2150E333-8FDC-42A3-9474-1A3956D46DE8}") = "Example", "Example", "{61F2FFC9-6F56-49EC-9BF8-0AF9670C1EBB}"
EndProject
Project("{2150E333-8FDC-42A3-9474-1A3956D46DE8}") = "im.system.service", "im.system.service", "{F378D2CB-59DE-4591-B2C2-D7A76B13301B}"
EndProject
Project("{2150E333-8FDC-42A3-9474-1A3956D46DE8}") = "im-forward-service", "im-forward-service", "{485F72F9-0BE5-44A7-9221-E594239AFFFF}"
EndProject
Project("{2150E333-8FDC-42A3-9474-1A3956D46DE8}") = "im-dotnetty-service", "im-dotnetty-service", "{464ADF28-964F-449E-BE26-76DD9A5E7EF8}"
EndProject
Project("{2150E333-8FDC-42A3-9474-1A3956D46DE8}") = "im-gateway-service", "im-gateway-service", "{9CF85E32-5615-4F89-9F8F-1EE25412BF0C}"
EndProject
Project("{9A19103F-16F7-4668-BE54-9A1E7A4F7556}") = "system.service", "Service\system.service.csproj", "{1C21C64F-238D-4F56-8CC4-617C7E43FDC4}"
EndProject
Project("{9A19103F-16F7-4668-BE54-9A1E7A4F7556}") = "system.repository", "repository\system.repository.csproj", "{1F8A4583-A65C-4E46-B500-0D39FDAB55AC}"
EndProject
Project("{9A19103F-16F7-4668-BE54-9A1E7A4F7556}") = "system.untils", "api-untils\system.untils.csproj", "{EA4BEEFF-16B3-4BFE-8231-D6D6597C315C}"
EndProject
Project("{9A19103F-16F7-4668-BE54-9A1E7A4F7556}") = "system.models", "Auth.Models\system.models.csproj", "{BF587FEA-791A-49DB-A5DF-FDE894F5B1E0}"
EndProject
Project("{9A19103F-16F7-4668-BE54-9A1E7A4F7556}") = "system.webapi", "IM-Router\system.webapi.csproj", "{733C0394-5A5A-49FF-85EB-2F199D0DA6D0}"
EndProject
Project("{2150E333-8FDC-42A3-9474-1A3956D46DE8}") = "Im-common", "Im-common", "{32B32CF0-CE76-4737-A363-E9446144755B}"
EndProject
Project("{FAE04EC0-301F-11D3-BF4B-00C04F79EFBC}") = "Im.Common", "Im.Common\Im.Common.csproj", "{F5FCB186-4FC0-43FD-A124-111309E94D61}"
EndProject
Project("{FAE04EC0-301F-11D3-BF4B-00C04F79EFBC}") = "Client", "Client\Client.csproj", "{E95BD513-D540-49E1-8C64-8F95CE2F097B}"
EndProject
Project("{FAE04EC0-301F-11D3-BF4B-00C04F79EFBC}") = "Forward.Webapi", "Forward.Webapi\Forward.Webapi.csproj", "{5A87E66B-617A-4057-9A97-9E7EFF0C34EC}"
EndProject
Project("{FAE04EC0-301F-11D3-BF4B-00C04F79EFBC}") = "Forward.service", "Forward.service\Forward.service.csproj", "{C8347273-7550-4ECE-BFE7-E9554FC47541}"
EndProject
Global
	GlobalSection(SolutionConfigurationPlatforms) = preSolution
		Debug|Any CPU = Debug|Any CPU
		Release|Any CPU = Release|Any CPU
	EndGlobalSection
	GlobalSection(ProjectConfigurationPlatforms) = postSolution
		{8956D099-E92B-4D61-931C-32AEE0072983}.Debug|Any CPU.ActiveCfg = Debug|Any CPU
		{8956D099-E92B-4D61-931C-32AEE0072983}.Debug|Any CPU.Build.0 = Debug|Any CPU
		{8956D099-E92B-4D61-931C-32AEE0072983}.Release|Any CPU.ActiveCfg = Release|Any CPU
		{8956D099-E92B-4D61-931C-32AEE0072983}.Release|Any CPU.Build.0 = Release|Any CPU
		{1C21C64F-238D-4F56-8CC4-617C7E43FDC4}.Debug|Any CPU.ActiveCfg = Debug|Any CPU
		{1C21C64F-238D-4F56-8CC4-617C7E43FDC4}.Debug|Any CPU.Build.0 = Debug|Any CPU
		{1C21C64F-238D-4F56-8CC4-617C7E43FDC4}.Release|Any CPU.ActiveCfg = Release|Any CPU
		{1C21C64F-238D-4F56-8CC4-617C7E43FDC4}.Release|Any CPU.Build.0 = Release|Any CPU
		{1F8A4583-A65C-4E46-B500-0D39FDAB55AC}.Debug|Any CPU.ActiveCfg = Debug|Any CPU
		{1F8A4583-A65C-4E46-B500-0D39FDAB55AC}.Debug|Any CPU.Build.0 = Debug|Any CPU
		{1F8A4583-A65C-4E46-B500-0D39FDAB55AC}.Release|Any CPU.ActiveCfg = Release|Any CPU
		{1F8A4583-A65C-4E46-B500-0D39FDAB55AC}.Release|Any CPU.Build.0 = Release|Any CPU
		{EA4BEEFF-16B3-4BFE-8231-D6D6597C315C}.Debug|Any CPU.ActiveCfg = Debug|Any CPU
		{EA4BEEFF-16B3-4BFE-8231-D6D6597C315C}.Debug|Any CPU.Build.0 = Debug|Any CPU
		{EA4BEEFF-16B3-4BFE-8231-D6D6597C315C}.Release|Any CPU.ActiveCfg = Release|Any CPU
		{EA4BEEFF-16B3-4BFE-8231-D6D6597C315C}.Release|Any CPU.Build.0 = Release|Any CPU
		{BF587FEA-791A-49DB-A5DF-FDE894F5B1E0}.Debug|Any CPU.ActiveCfg = Debug|Any CPU
		{BF587FEA-791A-49DB-A5DF-FDE894F5B1E0}.Debug|Any CPU.Build.0 = Debug|Any CPU
		{BF587FEA-791A-49DB-A5DF-FDE894F5B1E0}.Release|Any CPU.ActiveCfg = Release|Any CPU
		{BF587FEA-791A-49DB-A5DF-FDE894F5B1E0}.Release|Any CPU.Build.0 = Release|Any CPU
		{733C0394-5A5A-49FF-85EB-2F199D0DA6D0}.Debug|Any CPU.ActiveCfg = Debug|Any CPU
		{733C0394-5A5A-49FF-85EB-2F199D0DA6D0}.Debug|Any CPU.Build.0 = Debug|Any CPU
		{733C0394-5A5A-49FF-85EB-2F199D0DA6D0}.Release|Any CPU.ActiveCfg = Release|Any CPU
		{733C0394-5A5A-49FF-85EB-2F199D0DA6D0}.Release|Any CPU.Build.0 = Release|Any CPU
		{F5FCB186-4FC0-43FD-A124-111309E94D61}.Debug|Any CPU.ActiveCfg = Debug|Any CPU
		{F5FCB186-4FC0-43FD-A124-111309E94D61}.Debug|Any CPU.Build.0 = Debug|Any CPU
		{F5FCB186-4FC0-43FD-A124-111309E94D61}.Release|Any CPU.ActiveCfg = Release|Any CPU
		{F5FCB186-4FC0-43FD-A124-111309E94D61}.Release|Any CPU.Build.0 = Release|Any CPU
		{E95BD513-D540-49E1-8C64-8F95CE2F097B}.Debug|Any CPU.ActiveCfg = Debug|Any CPU
		{E95BD513-D540-49E1-8C64-8F95CE2F097B}.Debug|Any CPU.Build.0 = Debug|Any CPU
		{E95BD513-D540-49E1-8C64-8F95CE2F097B}.Release|Any CPU.ActiveCfg = Release|Any CPU
		{E95BD513-D540-49E1-8C64-8F95CE2F097B}.Release|Any CPU.Build.0 = Release|Any CPU
		{5A87E66B-617A-4057-9A97-9E7EFF0C34EC}.Debug|Any CPU.ActiveCfg = Debug|Any CPU
		{5A87E66B-617A-4057-9A97-9E7EFF0C34EC}.Debug|Any CPU.Build.0 = Debug|Any CPU
		{5A87E66B-617A-4057-9A97-9E7EFF0C34EC}.Release|Any CPU.ActiveCfg = Release|Any CPU
		{5A87E66B-617A-4057-9A97-9E7EFF0C34EC}.Release|Any CPU.Build.0 = Release|Any CPU
		{C8347273-7550-4ECE-BFE7-E9554FC47541}.Debug|Any CPU.ActiveCfg = Debug|Any CPU
		{C8347273-7550-4ECE-BFE7-E9554FC47541}.Debug|Any CPU.Build.0 = Debug|Any CPU
		{C8347273-7550-4ECE-BFE7-E9554FC47541}.Release|Any CPU.ActiveCfg = Release|Any CPU
		{C8347273-7550-4ECE-BFE7-E9554FC47541}.Release|Any CPU.Build.0 = Release|Any CPU
	EndGlobalSection
	GlobalSection(SolutionProperties) = preSolution
		HideSolutionNode = FALSE
	EndGlobalSection
	GlobalSection(NestedProjects) = preSolution
		{8956D099-E92B-4D61-931C-32AEE0072983} = {464ADF28-964F-449E-BE26-76DD9A5E7EF8}
		{1C21C64F-238D-4F56-8CC4-617C7E43FDC4} = {F378D2CB-59DE-4591-B2C2-D7A76B13301B}
		{1F8A4583-A65C-4E46-B500-0D39FDAB55AC} = {F378D2CB-59DE-4591-B2C2-D7A76B13301B}
		{EA4BEEFF-16B3-4BFE-8231-D6D6597C315C} = {F378D2CB-59DE-4591-B2C2-D7A76B13301B}
		{BF587FEA-791A-49DB-A5DF-FDE894F5B1E0} = {F378D2CB-59DE-4591-B2C2-D7A76B13301B}
		{733C0394-5A5A-49FF-85EB-2F199D0DA6D0} = {F378D2CB-59DE-4591-B2C2-D7A76B13301B}
		{F5FCB186-4FC0-43FD-A124-111309E94D61} = {32B32CF0-CE76-4737-A363-E9446144755B}
		{E95BD513-D540-49E1-8C64-8F95CE2F097B} = {61F2FFC9-6F56-49EC-9BF8-0AF9670C1EBB}
		{5A87E66B-617A-4057-9A97-9E7EFF0C34EC} = {485F72F9-0BE5-44A7-9221-E594239AFFFF}
		{C8347273-7550-4ECE-BFE7-E9554FC47541} = {485F72F9-0BE5-44A7-9221-E594239AFFFF}
	EndGlobalSection
	GlobalSection(ExtensibilityGlobals) = postSolution
		SolutionGuid = {F84B4536-0BB7-41F0-8A25-4FDA1C474EBC}
	EndGlobalSection
EndGlobal
